// !$*UTF8*$!
{
	archiveVersion = 1;
	classes = {
	};
	objectVersion = 52;
	objects = {

/* Begin PBXBuildFile section */
		0F1734F52534797A0052C8DB /* Constants.swift in Sources */ = {isa = PBXBuildFile; fileRef = 0F1734F42534797A0052C8DB /* Constants.swift */; };
		0F1734F92534D0AE0052C8DB /* AlamofireManager.swift in Sources */ = {isa = PBXBuildFile; fileRef = 0F1734F82534D0AE0052C8DB /* AlamofireManager.swift */; };
		0F1734FD2534D1790052C8DB /* BaseInterceptor.swift in Sources */ = {isa = PBXBuildFile; fileRef = 0F1734FC2534D1790052C8DB /* BaseInterceptor.swift */; };
		0FDEA9A12530AE5000A65195 /* AppDelegate.swift in Sources */ = {isa = PBXBuildFile; fileRef = 0FDEA9A02530AE5000A65195 /* AppDelegate.swift */; };
		0FDEA9AA2530AE5200A65195 /* Assets.xcassets in Resources */ = {isa = PBXBuildFile; fileRef = 0FDEA9A92530AE5200A65195 /* Assets.xcassets */; };
		0FDEA9AD2530AE5200A65195 /* LaunchScreen.storyboard in Resources */ = {isa = PBXBuildFile; fileRef = 0FDEA9AB2530AE5200A65195 /* LaunchScreen.storyboard */; };
		0FDEA9BC2530B86E00A65195 /* SnapKit in Frameworks */ = {isa = PBXBuildFile; productRef = 0FDEA9BB2530B86E00A65195 /* SnapKit */; };
		0FDEA9C12530B91700A65195 /* HomeViewController.swift in Sources */ = {isa = PBXBuildFile; fileRef = 0FDEA9C02530B91700A65195 /* HomeViewController.swift */; };
		0FDEA9C62530D09900A65195 /* UserListViewController.swift in Sources */ = {isa = PBXBuildFile; fileRef = 0FDEA9C52530D09900A65195 /* UserListViewController.swift */; };
		0FDEA9CA2530D0A500A65195 /* PhotoCollectionViewController.swift in Sources */ = {isa = PBXBuildFile; fileRef = 0FDEA9C92530D0A500A65195 /* PhotoCollectionViewController.swift */; };
		E1A6894EF4D182B6BAF8F335 /* Pods_UnsplashProject.framework in Frameworks */ = {isa = PBXBuildFile; fileRef = 1F33BF1FD270B76C8258441B /* Pods_UnsplashProject.framework */; };
/* End PBXBuildFile section */

/* Begin PBXFileReference section */
		0F1734F42534797A0052C8DB /* Constants.swift */ = {isa = PBXFileReference; lastKnownFileType = sourcecode.swift; path = Constants.swift; sourceTree = "<group>"; };
		0F1734F82534D0AE0052C8DB /* AlamofireManager.swift */ = {isa = PBXFileReference; lastKnownFileType = sourcecode.swift; path = AlamofireManager.swift; sourceTree = "<group>"; };
		0F1734FC2534D1790052C8DB /* BaseInterceptor.swift */ = {isa = PBXFileReference; lastKnownFileType = sourcecode.swift; path = BaseInterceptor.swift; sourceTree = "<group>"; };
		0FDEA99D2530AE5000A65195 /* UnsplashProject.app */ = {isa = PBXFileReference; explicitFileType = wrapper.application; includeInIndex = 0; path = UnsplashProject.app; sourceTree = BUILT_PRODUCTS_DIR; };
		0FDEA9A02530AE5000A65195 /* AppDelegate.swift */ = {isa = PBXFileReference; lastKnownFileType = sourcecode.swift; path = AppDelegate.swift; sourceTree = "<group>"; };
		0FDEA9A92530AE5200A65195 /* Assets.xcassets */ = {isa = PBXFileReference; lastKnownFileType = folder.assetcatalog; path = Assets.xcassets; sourceTree = "<group>"; };
		0FDEA9AC2530AE5200A65195 /* Base */ = {isa = PBXFileReference; lastKnownFileType = file.storyboard; name = Base; path = Base.lproj/LaunchScreen.storyboard; sourceTree = "<group>"; };
		0FDEA9AE2530AE5200A65195 /* Info.plist */ = {isa = PBXFileReference; lastKnownFileType = text.plist.xml; path = Info.plist; sourceTree = "<group>"; };
		0FDEA9C02530B91700A65195 /* HomeViewController.swift */ = {isa = PBXFileReference; lastKnownFileType = sourcecode.swift; path = HomeViewController.swift; sourceTree = "<group>"; };
		0FDEA9C52530D09900A65195 /* UserListViewController.swift */ = {isa = PBXFileReference; lastKnownFileType = sourcecode.swift; path = UserListViewController.swift; sourceTree = "<group>"; };
		0FDEA9C92530D0A500A65195 /* PhotoCollectionViewController.swift */ = {isa = PBXFileReference; lastKnownFileType = sourcecode.swift; path = PhotoCollectionViewController.swift; sourceTree = "<group>"; };
		1D669611D477E94FEB0EE0B7 /* Pods-UnsplashProject.release.xcconfig */ = {isa = PBXFileReference; includeInIndex = 1; lastKnownFileType = text.xcconfig; name = "Pods-UnsplashProject.release.xcconfig"; path = "Target Support Files/Pods-UnsplashProject/Pods-UnsplashProject.release.xcconfig"; sourceTree = "<group>"; };
		1F33BF1FD270B76C8258441B /* Pods_UnsplashProject.framework */ = {isa = PBXFileReference; explicitFileType = wrapper.framework; includeInIndex = 0; path = Pods_UnsplashProject.framework; sourceTree = BUILT_PRODUCTS_DIR; };
		BC0136D0CFD64E3CA16DA6DA /* Pods-UnsplashProject.debug.xcconfig */ = {isa = PBXFileReference; includeInIndex = 1; lastKnownFileType = text.xcconfig; name = "Pods-UnsplashProject.debug.xcconfig"; path = "Target Support Files/Pods-UnsplashProject/Pods-UnsplashProject.debug.xcconfig"; sourceTree = "<group>"; };
/* End PBXFileReference section */

/* Begin PBXFrameworksBuildPhase section */
		0FDEA99A2530AE5000A65195 /* Frameworks */ = {
			isa = PBXFrameworksBuildPhase;
			buildActionMask = 2147483647;
			files = (
				0FDEA9BC2530B86E00A65195 /* SnapKit in Frameworks */,
				E1A6894EF4D182B6BAF8F335 /* Pods_UnsplashProject.framework in Frameworks */,
			);
			runOnlyForDeploymentPostprocessing = 0;
		};
/* End PBXFrameworksBuildPhase section */

/* Begin PBXGroup section */
		0F1734F72534D0940052C8DB /* API */ = {
			isa = PBXGroup;
			children = (
				0F1734F82534D0AE0052C8DB /* AlamofireManager.swift */,
				0F1734FC2534D1790052C8DB /* BaseInterceptor.swift */,
			);
			path = API;
			sourceTree = "<group>";
		};
		0F70DACC2530EB15006EB05C /* Controller */ = {
			isa = PBXGroup;
			children = (
				0FDEA9C02530B91700A65195 /* HomeViewController.swift */,
				0FDEA9C52530D09900A65195 /* UserListViewController.swift */,
				0FDEA9C92530D0A500A65195 /* PhotoCollectionViewController.swift */,
			);
			path = Controller;
			sourceTree = "<group>";
		};
		0FDEA9942530AE5000A65195 = {
			isa = PBXGroup;
			children = (
				0FDEA99F2530AE5000A65195 /* UnsplashProject */,
				0FDEA99E2530AE5000A65195 /* Products */,
				234561CC2AA384BF6680286A /* Pods */,
				31EA93D8694C1966B122B7C3 /* Frameworks */,
			);
			sourceTree = "<group>";
		};
		0FDEA99E2530AE5000A65195 /* Products */ = {
			isa = PBXGroup;
			children = (
				0FDEA99D2530AE5000A65195 /* UnsplashProject.app */,
			);
			name = Products;
			sourceTree = "<group>";
		};
		0FDEA99F2530AE5000A65195 /* UnsplashProject */ = {
			isa = PBXGroup;
			children = (
				0F1734F72534D0940052C8DB /* API */,
				0FDEA9A02530AE5000A65195 /* AppDelegate.swift */,
				0F1734F42534797A0052C8DB /* Constants.swift */,
				0F70DACC2530EB15006EB05C /* Controller */,
				0FDEA9A92530AE5200A65195 /* Assets.xcassets */,
				0FDEA9AB2530AE5200A65195 /* LaunchScreen.storyboard */,
				0FDEA9AE2530AE5200A65195 /* Info.plist */,
			);
			path = UnsplashProject;
			sourceTree = "<group>";
		};
		234561CC2AA384BF6680286A /* Pods */ = {
			isa = PBXGroup;
			children = (
				BC0136D0CFD64E3CA16DA6DA /* Pods-UnsplashProject.debug.xcconfig */,
				1D669611D477E94FEB0EE0B7 /* Pods-UnsplashProject.release.xcconfig */,
			);
			path = Pods;
			sourceTree = "<group>";
		};
		31EA93D8694C1966B122B7C3 /* Frameworks */ = {
			isa = PBXGroup;
			children = (
				1F33BF1FD270B76C8258441B /* Pods_UnsplashProject.framework */,
			);
			name = Frameworks;
			sourceTree = "<group>";
		};
/* End PBXGroup section */

/* Begin PBXNativeTarget section */
		0FDEA99C2530AE5000A65195 /* UnsplashProject */ = {
			isa = PBXNativeTarget;
			buildConfigurationList = 0FDEA9B12530AE5200A65195 /* Build configuration list for PBXNativeTarget "UnsplashProject" */;
			buildPhases = (
				22043FCEA0B16057A17E40B8 /* [CP] Check Pods Manifest.lock */,
				0FDEA9992530AE5000A65195 /* Sources */,
				0FDEA99A2530AE5000A65195 /* Frameworks */,
				0FDEA99B2530AE5000A65195 /* Resources */,
				7D3D069BD93443495AF2F710 /* [CP] Embed Pods Frameworks */,
			);
			buildRules = (
			);
			dependencies = (
			);
			name = UnsplashProject;
			packageProductDependencies = (
				0FDEA9BB2530B86E00A65195 /* SnapKit */,
			);
			productName = UnsplashProject;
			productReference = 0FDEA99D2530AE5000A65195 /* UnsplashProject.app */;
			productType = "com.apple.product-type.application";
		};
/* End PBXNativeTarget section */

/* Begin PBXProject section */
		0FDEA9952530AE5000A65195 /* Project object */ = {
			isa = PBXProject;
			attributes = {
				LastSwiftUpdateCheck = 1200;
				LastUpgradeCheck = 1200;
				TargetAttributes = {
					0FDEA99C2530AE5000A65195 = {
						CreatedOnToolsVersion = 12.0.1;
					};
				};
			};
			buildConfigurationList = 0FDEA9982530AE5000A65195 /* Build configuration list for PBXProject "UnsplashProject" */;
			compatibilityVersion = "Xcode 9.3";
			developmentRegion = en;
			hasScannedForEncodings = 0;
			knownRegions = (
				en,
				Base,
			);
			mainGroup = 0FDEA9942530AE5000A65195;
			packageReferences = (
				0FDEA9BA2530B86E00A65195 /* XCRemoteSwiftPackageReference "SnapKit" */,
			);
			productRefGroup = 0FDEA99E2530AE5000A65195 /* Products */;
			projectDirPath = "";
			projectRoot = "";
			targets = (
				0FDEA99C2530AE5000A65195 /* UnsplashProject */,
			);
		};
/* End PBXProject section */

/* Begin PBXResourcesBuildPhase section */
		0FDEA99B2530AE5000A65195 /* Resources */ = {
			isa = PBXResourcesBuildPhase;
			buildActionMask = 2147483647;
			files = (
				0FDEA9AD2530AE5200A65195 /* LaunchScreen.storyboard in Resources */,
				0FDEA9AA2530AE5200A65195 /* Assets.xcassets in Resources */,
			);
			runOnlyForDeploymentPostprocessing = 0;
		};
/* End PBXResourcesBuildPhase section */

/* Begin PBXShellScriptBuildPhase section */
		22043FCEA0B16057A17E40B8 /* [CP] Check Pods Manifest.lock */ = {
			isa = PBXShellScriptBuildPhase;
			buildActionMask = 2147483647;
			files = (
			);
			inputFileListPaths = (
			);
			inputPaths = (
				"${PODS_PODFILE_DIR_PATH}/Podfile.lock",
				"${PODS_ROOT}/Manifest.lock",
			);
			name = "[CP] Check Pods Manifest.lock";
			outputFileListPaths = (
			);
			outputPaths = (
				"$(DERIVED_FILE_DIR)/Pods-UnsplashProject-checkManifestLockResult.txt",
			);
			runOnlyForDeploymentPostprocessing = 0;
			shellPath = /bin/sh;
			shellScript = "diff \"${PODS_PODFILE_DIR_PATH}/Podfile.lock\" \"${PODS_ROOT}/Manifest.lock\" > /dev/null\nif [ $? != 0 ] ; then\n    # print error to STDERR\n    echo \"error: The sandbox is not in sync with the Podfile.lock. Run 'pod install' or update your CocoaPods installation.\" >&2\n    exit 1\nfi\n# This output is used by Xcode 'outputs' to avoid re-running this script phase.\necho \"SUCCESS\" > \"${SCRIPT_OUTPUT_FILE_0}\"\n";
			showEnvVarsInLog = 0;
		};
		7D3D069BD93443495AF2F710 /* [CP] Embed Pods Frameworks */ = {
			isa = PBXShellScriptBuildPhase;
			buildActionMask = 2147483647;
			files = (
			);
			inputFileListPaths = (
				"${PODS_ROOT}/Target Support Files/Pods-UnsplashProject/Pods-UnsplashProject-frameworks-${CONFIGURATION}-input-files.xcfilelist",
			);
			name = "[CP] Embed Pods Frameworks";
			outputFileListPaths = (
				"${PODS_ROOT}/Target Support Files/Pods-UnsplashProject/Pods-UnsplashProject-frameworks-${CONFIGURATION}-output-files.xcfilelist",
			);
			runOnlyForDeploymentPostprocessing = 0;
			shellPath = /bin/sh;
			shellScript = "\"${PODS_ROOT}/Target Support Files/Pods-UnsplashProject/Pods-UnsplashProject-frameworks.sh\"\n";
			showEnvVarsInLog = 0;
		};
/* End PBXShellScriptBuildPhase section */

/* Begin PBXSourcesBuildPhase section */
		0FDEA9992530AE5000A65195 /* Sources */ = {
			isa = PBXSourcesBuildPhase;
			buildActionMask = 2147483647;
			files = (
				0F1734F52534797A0052C8DB /* Constants.swift in Sources */,
				0FDEA9A12530AE5000A65195 /* AppDelegate.swift in Sources */,
				0FDEA9C12530B91700A65195 /* HomeViewController.swift in Sources */,
				0FDEA9C62530D09900A65195 /* UserListViewController.swift in Sources */,
				0F1734F92534D0AE0052C8DB /* AlamofireManager.swift in Sources */,
				0FDEA9CA2530D0A500A65195 /* PhotoCollectionViewController.swift in Sources */,
				0F1734FD2534D1790052C8DB /* BaseInterceptor.swift in Sources */,
			);
			runOnlyForDeploymentPostprocessing = 0;
		};
/* End PBXSourcesBuildPhase section */

/* Begin PBXVariantGroup section */
		0FDEA9AB2530AE5200A65195 /* LaunchScreen.storyboard */ = {
			isa = PBXVariantGroup;
			children = (
				0FDEA9AC2530AE5200A65195 /* Base */,
			);
			name = LaunchScreen.storyboard;
			sourceTree = "<group>";
		};
/* End PBXVariantGroup section */

/* Begin XCBuildConfiguration section */
		0FDEA9AF2530AE5200A65195 /* Debug */ = {
			isa = XCBuildConfiguration;
			buildSettings = {
				ALWAYS_SEARCH_USER_PATHS = NO;
				CLANG_ANALYZER_NONNULL = YES;
				CLANG_ANALYZER_NUMBER_OBJECT_CONVERSION = YES_AGGRESSIVE;
				CLANG_CXX_LANGUAGE_STANDARD = "gnu++14";
				CLANG_CXX_LIBRARY = "libc++";
				CLANG_ENABLE_MODULES = YES;
				CLANG_ENABLE_OBJC_ARC = YES;
				CLANG_ENABLE_OBJC_WEAK = YES;
				CLANG_WARN_BLOCK_CAPTURE_AUTORELEASING = YES;
				CLANG_WARN_BOOL_CONVERSION = YES;
				CLANG_WARN_COMMA = YES;
				CLANG_WARN_CONSTANT_CONVERSION = YES;
				CLANG_WARN_DEPRECATED_OBJC_IMPLEMENTATIONS = YES;
				CLANG_WARN_DIRECT_OBJC_ISA_USAGE = YES_ERROR;
				CLANG_WARN_DOCUMENTATION_COMMENTS = YES;
				CLANG_WARN_EMPTY_BODY = YES;
				CLANG_WARN_ENUM_CONVERSION = YES;
				CLANG_WARN_INFINITE_RECURSION = YES;
				CLANG_WARN_INT_CONVERSION = YES;
				CLANG_WARN_NON_LITERAL_NULL_CONVERSION = YES;
				CLANG_WARN_OBJC_IMPLICIT_RETAIN_SELF = YES;
				CLANG_WARN_OBJC_LITERAL_CONVERSION = YES;
				CLANG_WARN_OBJC_ROOT_CLASS = YES_ERROR;
				CLANG_WARN_QUOTED_INCLUDE_IN_FRAMEWORK_HEADER = YES;
				CLANG_WARN_RANGE_LOOP_ANALYSIS = YES;
				CLANG_WARN_STRICT_PROTOTYPES = YES;
				CLANG_WARN_SUSPICIOUS_MOVE = YES;
				CLANG_WARN_UNGUARDED_AVAILABILITY = YES_AGGRESSIVE;
				CLANG_WARN_UNREACHABLE_CODE = YES;
				CLANG_WARN__DUPLICATE_METHOD_MATCH = YES;
				COPY_PHASE_STRIP = NO;
				DEBUG_INFORMATION_FORMAT = dwarf;
				ENABLE_STRICT_OBJC_MSGSEND = YES;
				ENABLE_TESTABILITY = YES;
				GCC_C_LANGUAGE_STANDARD = gnu11;
				GCC_DYNAMIC_NO_PIC = NO;
				GCC_NO_COMMON_BLOCKS = YES;
				GCC_OPTIMIZATION_LEVEL = 0;
				GCC_PREPROCESSOR_DEFINITIONS = (
					"DEBUG=1",
					"$(inherited)",
				);
				GCC_WARN_64_TO_32_BIT_CONVERSION = YES;
				GCC_WARN_ABOUT_RETURN_TYPE = YES_ERROR;
				GCC_WARN_UNDECLARED_SELECTOR = YES;
				GCC_WARN_UNINITIALIZED_AUTOS = YES_AGGRESSIVE;
				GCC_WARN_UNUSED_FUNCTION = YES;
				GCC_WARN_UNUSED_VARIABLE = YES;
				IPHONEOS_DEPLOYMENT_TARGET = 14.0;
				MTL_ENABLE_DEBUG_INFO = INCLUDE_SOURCE;
				MTL_FAST_MATH = YES;
				ONLY_ACTIVE_ARCH = YES;
				SDKROOT = iphoneos;
				SWIFT_ACTIVE_COMPILATION_CONDITIONS = DEBUG;
				SWIFT_OPTIMIZATION_LEVEL = "-Onone";
			};
			name = Debug;
		};
		0FDEA9B02530AE5200A65195 /* Release */ = {
			isa = XCBuildConfiguration;
			buildSettings = {
				ALWAYS_SEARCH_USER_PATHS = NO;
				CLANG_ANALYZER_NONNULL = YES;
				CLANG_ANALYZER_NUMBER_OBJECT_CONVERSION = YES_AGGRESSIVE;
				CLANG_CXX_LANGUAGE_STANDARD = "gnu++14";
				CLANG_CXX_LIBRARY = "libc++";
				CLANG_ENABLE_MODULES = YES;
				CLANG_ENABLE_OBJC_ARC = YES;
				CLANG_ENABLE_OBJC_WEAK = YES;
				CLANG_WARN_BLOCK_CAPTURE_AUTORELEASING = YES;
				CLANG_WARN_BOOL_CONVERSION = YES;
				CLANG_WARN_COMMA = YES;
				CLANG_WARN_CONSTANT_CONVERSION = YES;
				CLANG_WARN_DEPRECATED_OBJC_IMPLEMENTATIONS = YES;
				CLANG_WARN_DIRECT_OBJC_ISA_USAGE = YES_ERROR;
				CLANG_WARN_DOCUMENTATION_COMMENTS = YES;
				CLANG_WARN_EMPTY_BODY = YES;
				CLANG_WARN_ENUM_CONVERSION = YES;
				CLANG_WARN_INFINITE_RECURSION = YES;
				CLANG_WARN_INT_CONVERSION = YES;
				CLANG_WARN_NON_LITERAL_NULL_CONVERSION = YES;
				CLANG_WARN_OBJC_IMPLICIT_RETAIN_SELF = YES;
				CLANG_WARN_OBJC_LITERAL_CONVERSION = YES;
				CLANG_WARN_OBJC_ROOT_CLASS = YES_ERROR;
				CLANG_WARN_QUOTED_INCLUDE_IN_FRAMEWORK_HEADER = YES;
				CLANG_WARN_RANGE_LOOP_ANALYSIS = YES;
				CLANG_WARN_STRICT_PROTOTYPES = YES;
				CLANG_WARN_SUSPICIOUS_MOVE = YES;
				CLANG_WARN_UNGUARDED_AVAILABILITY = YES_AGGRESSIVE;
				CLANG_WARN_UNREACHABLE_CODE = YES;
				CLANG_WARN__DUPLICATE_METHOD_MATCH = YES;
				COPY_PHASE_STRIP = NO;
				DEBUG_INFORMATION_FORMAT = "dwarf-with-dsym";
				ENABLE_NS_ASSERTIONS = NO;
				ENABLE_STRICT_OBJC_MSGSEND = YES;
				GCC_C_LANGUAGE_STANDARD = gnu11;
				GCC_NO_COMMON_BLOCKS = YES;
				GCC_WARN_64_TO_32_BIT_CONVERSION = YES;
				GCC_WARN_ABOUT_RETURN_TYPE = YES_ERROR;
				GCC_WARN_UNDECLARED_SELECTOR = YES;
				GCC_WARN_UNINITIALIZED_AUTOS = YES_AGGRESSIVE;
				GCC_WARN_UNUSED_FUNCTION = YES;
				GCC_WARN_UNUSED_VARIABLE = YES;
				IPHONEOS_DEPLOYMENT_TARGET = 14.0;
				MTL_ENABLE_DEBUG_INFO = NO;
				MTL_FAST_MATH = YES;
				SDKROOT = iphoneos;
				SWIFT_COMPILATION_MODE = wholemodule;
				SWIFT_OPTIMIZATION_LEVEL = "-O";
				VALIDATE_PRODUCT = YES;
			};
			name = Release;
		};
		0FDEA9B22530AE5200A65195 /* Debug */ = {
			isa = XCBuildConfiguration;
			baseConfigurationReference = BC0136D0CFD64E3CA16DA6DA /* Pods-UnsplashProject.debug.xcconfig */;
			buildSettings = {
				ASSETCATALOG_COMPILER_APPICON_NAME = AppIcon;
				ASSETCATALOG_COMPILER_GLOBAL_ACCENT_COLOR_NAME = AccentColor;
				CODE_SIGN_STYLE = Automatic;
				DEVELOPMENT_TEAM = J7MH5N2BKX;
				INFOPLIST_FILE = UnsplashProject/Info.plist;
				IPHONEOS_DEPLOYMENT_TARGET = 14.0;
				LD_RUNPATH_SEARCH_PATHS = (
					"$(inherited)",
					"@executable_path/Frameworks",
				);
				PRODUCT_BUNDLE_IDENTIFIER = com.byoungil.youn.UnsplashProject;
				PRODUCT_NAME = "$(TARGET_NAME)";
				SWIFT_VERSION = 5.0;
				TARGETED_DEVICE_FAMILY = 1;
			};
			name = Debug;
		};
		0FDEA9B32530AE5200A65195 /* Release */ = {
			isa = XCBuildConfiguration;
			baseConfigurationReference = 1D669611D477E94FEB0EE0B7 /* Pods-UnsplashProject.release.xcconfig */;
			buildSettings = {
				ASSETCATALOG_COMPILER_APPICON_NAME = AppIcon;
				ASSETCATALOG_COMPILER_GLOBAL_ACCENT_COLOR_NAME = AccentColor;
				CODE_SIGN_STYLE = Automatic;
				DEVELOPMENT_TEAM = J7MH5N2BKX;
				INFOPLIST_FILE = UnsplashProject/Info.plist;
				IPHONEOS_DEPLOYMENT_TARGET = 14.0;
				LD_RUNPATH_SEARCH_PATHS = (
					"$(inherited)",
					"@executable_path/Frameworks",
				);
				PRODUCT_BUNDLE_IDENTIFIER = com.byoungil.youn.UnsplashProject;
				PRODUCT_NAME = "$(TARGET_NAME)";
				SWIFT_VERSION = 5.0;
				TARGETED_DEVICE_FAMILY = 1;
			};
			name = Release;
		};
/* End XCBuildConfiguration section */

/* Begin XCConfigurationList section */
		0FDEA9982530AE5000A65195 /* Build configuration list for PBXProject "UnsplashProject" */ = {
			isa = XCConfigurationList;
			buildConfigurations = (
				0FDEA9AF2530AE5200A65195 /* Debug */,
				0FDEA9B02530AE5200A65195 /* Release */,
			);
			defaultConfigurationIsVisible = 0;
			defaultConfigurationName = Release;
		};
		0FDEA9B12530AE5200A65195 /* Build configuration list for PBXNativeTarget "UnsplashProject" */ = {
			isa = XCConfigurationList;
			buildConfigurations = (
				0FDEA9B22530AE5200A65195 /* Debug */,
				0FDEA9B32530AE5200A65195 /* Release */,
			);
			defaultConfigurationIsVisible = 0;
			defaultConfigurationName = Release;
		};
/* End XCConfigurationList section */

/* Begin XCRemoteSwiftPackageReference section */
		0FDEA9BA2530B86E00A65195 /* XCRemoteSwiftPackageReference "SnapKit" */ = {
			isa = XCRemoteSwiftPackageReference;
			repositoryURL = "https://github.com/SnapKit/SnapKit.git";
			requirement = {
				kind = upToNextMajorVersion;
				minimumVersion = 5.0.1;
			};
		};
/* End XCRemoteSwiftPackageReference section */

/* Begin XCSwiftPackageProductDependency section */
		0FDEA9BB2530B86E00A65195 /* SnapKit */ = {
			isa = XCSwiftPackageProductDependency;
			package = 0FDEA9BA2530B86E00A65195 /* XCRemoteSwiftPackageReference "SnapKit" */;
			productName = SnapKit;
		};
/* End XCSwiftPackageProductDependency section */
	};
	rootObject = 0FDEA9952530AE5000A65195 /* Project object */;
}
